
Microsoft Visual Studio Solution File, Format Version 12.00
# Visual Studio 15
VisualStudioVersion = 15.0.27428.2002
MinimumVisualStudioVersion = 10.0.40219.1
Project("{FAE04EC0-301F-11D3-BF4B-00C04F79EFBC}") = "MonitoraWCF", "MonitoraWCF\MonitoraWCF.csproj", "{BB515B4B-0FE9-47B6-9266-B863D1F81347}"
EndProject
Global
	GlobalSection(SolutionConfigurationPlatforms) = preSolution
		Debug|Any CPU = Debug|Any CPU
		Release|Any CPU = Release|Any CPU
	EndGlobalSection
	GlobalSection(ProjectConfigurationPlatforms) = postSolution
		{BB515B4B-0FE9-47B6-9266-B863D1F81347}.Debug|Any CPU.ActiveCfg = Debug|Any CPU
		{BB515B4B-0FE9-47B6-9266-B863D1F81347}.Debug|Any CPU.Build.0 = Debug|Any CPU
		{BB515B4B-0FE9-47B6-9266-B863D1F81347}.Release|Any CPU.ActiveCfg = Release|Any CPU
		{BB515B4B-0FE9-47B6-9266-B863D1F81347}.Release|Any CPU.Build.0 = Release|Any CPU
	EndGlobalSection
	GlobalSection(SolutionProperties) = preSolution
		HideSolutionNode = FALSE
	EndGlobalSection
	GlobalSection(ExtensibilityGlobals) = postSolution
		SolutionGuid = {04E965C7-5966-497F-AE99-F120A8D945EA}
	EndGlobalSection
EndGlobal
